{
  "dependencies": {
    "fibers": {
      "version": "1.0.10",
      "resolved": "https://registry.npmjs.org/fibers/-/fibers-1.0.10.tgz",
      "from": "https://registry.npmjs.org/fibers/-/fibers-1.0.10.tgz"
    },
    "https": {
      "version": "1.0.0",
      "resolved": "https://registry.npmjs.org/https/-/https-1.0.0.tgz",
      "from": "https://registry.npmjs.org/https/-/https-1.0.0.tgz"
    },
    "querystring": {
      "version": "0.2.0",
      "resolved": "https://registry.npmjs.org/querystring/-/querystring-0.2.0.tgz",
      "from": "https://registry.npmjs.org/querystring/-/querystring-0.2.0.tgz"
    },
    "url": {
      "version": "0.11.0",
      "resolved": "https://registry.npmjs.org/url/-/url-0.11.0.tgz",
      "from": "https://registry.npmjs.org/url/-/url-0.11.0.tgz",
      "dependencies": {
        "punycode": {
          "version": "1.3.2",
          "resolved": "https://registry.npmjs.org/punycode/-/punycode-1.3.2.tgz",
          "from": "https://registry.npmjs.org/punycode/-/punycode-1.3.2.tgz"
        }
      }
    }
  }
}
